
Microsoft Visual Studio Solution File, Format Version 12.00
# Visual Studio 14
VisualStudioVersion = 14.0.25420.1
MinimumVisualStudioVersion = 10.0.40219.1
Project("{FAE04EC0-301F-11D3-BF4B-00C04F79EFBC}") = "MapObject", "MapObject\MapObject.csproj", "{8F229308-2CC2-44B6-AB68-779A824A23BF}"
EndProject
Project("{FAE04EC0-301F-11D3-BF4B-00C04F79EFBC}") = "MapObject.Test", "MapObject.Test\MapObject.Test.csproj", "{0F31A0F6-DB2B-4DC6-A1BC-429FA8A225D0}"
EndProject
Global
	GlobalSection(SolutionConfigurationPlatforms) = preSolution
		Debug|Any CPU = Debug|Any CPU
		Release|Any CPU = Release|Any CPU
	EndGlobalSection
	GlobalSection(ProjectConfigurationPlatforms) = postSolution
		{8F229308-2CC2-44B6-AB68-779A824A23BF}.Debug|Any CPU.ActiveCfg = Debug|Any CPU
		{8F229308-2CC2-44B6-AB68-779A824A23BF}.Debug|Any CPU.Build.0 = Debug|Any CPU
		{8F229308-2CC2-44B6-AB68-779A824A23BF}.Release|Any CPU.ActiveCfg = Release|Any CPU
		{8F229308-2CC2-44B6-AB68-779A824A23BF}.Release|Any CPU.Build.0 = Release|Any CPU
		{0F31A0F6-DB2B-4DC6-A1BC-429FA8A225D0}.Debug|Any CPU.ActiveCfg = Debug|Any CPU
		{0F31A0F6-DB2B-4DC6-A1BC-429FA8A225D0}.Debug|Any CPU.Build.0 = Debug|Any CPU
		{0F31A0F6-DB2B-4DC6-A1BC-429FA8A225D0}.Release|Any CPU.ActiveCfg = Release|Any CPU
		{0F31A0F6-DB2B-4DC6-A1BC-429FA8A225D0}.Release|Any CPU.Build.0 = Release|Any CPU
	EndGlobalSection
	GlobalSection(SolutionProperties) = preSolution
		HideSolutionNode = FALSE
	EndGlobalSection
EndGlobal
